{
  "name": "digitalocean-spaces",
  "version": "1.0.0",
  "lockfileVersion": 1,
  "requires": true,
  "dependencies": {
    "amazon-s3": {
      "version": "1.0.1",
      "resolved": "https://registry.npmjs.org/amazon-s3/-/amazon-s3-1.0.1.tgz",
      "integrity": "sha512-ynEsJMajmWEnLG5AzLgUQgp+BZff0LsbANPFerICVdfAV455DXOjY/wv4dlOgdZTprTOzB9R4RcRRUTh9fbdDA==",
      "requires": {
        "crypto-js": "3.1.9-1"
      }
    },
    "crypto-js": {
      "version": "3.1.9-1",
      "resolved": "https://registry.npmjs.org/crypto-js/-/crypto-js-3.1.9-1.tgz",
      "integrity": "sha1-/aGedh/Ad+Af+/3G6f38WeiAbNg="
    }
  }
}
