{
  "name": "digitalocean-spaces",
  "version": "0.0.1",
  "lockfileVersion": 1,
  "requires": true,
  "dependencies": {
    "amazon-s3": {
      "version": "0.0.6",
      "resolved": "https://registry.npmjs.org/amazon-s3/-/amazon-s3-0.0.6.tgz",
      "integrity": "sha512-CXf2RN2s5JWpdP3mN5Q3Kr1A04SOB6+GP3Shl4V2ZxfA7gLDv6kn4alMle7o/wqqdK//WkQ/s4rGLzaL6G4ZSw==",
      "requires": {
        "crypto-js": "3.1.9-1"
      }
    },
    "crypto-js": {
      "version": "3.1.9-1",
      "resolved": "https://registry.npmjs.org/crypto-js/-/crypto-js-3.1.9-1.tgz",
      "integrity": "sha1-/aGedh/Ad+Af+/3G6f38WeiAbNg="
    }
  }
}
